// !$*UTF8*$!
{
	archiveVersion = 1;
	classes = {
	};
	objectVersion = 77;
	objects = {

/* Begin PBXBuildFile section */
		81099827300F6564001E3C16 /* EssentialFeed.framework in Frameworks */ = {isa = PBXBuildFile; fileRef = 81B9E7332F3B7742000F5E57 /* EssentialFeed.framework */; };
		81099828300F6564001E3C16 /* EssentialFeed.framework in Embed Frameworks */ = {isa = PBXBuildFile; fileRef = 81B9E7332F3B7742000F5E57 /* EssentialFeed.framework */; settings = {ATTRIBUTES = (CodeSignOnCopy, RemoveHeadersOnCopy, ); }; };
		8109982B300F6564001E3C16 /* EssentialFeediOS.framework in Frameworks */ = {isa = PBXBuildFile; fileRef = 812DAEC42FF51CD6001C885F /* EssentialFeediOS.framework */; };
		8109982C300F6564001E3C16 /* EssentialFeediOS.framework in Embed Frameworks */ = {isa = PBXBuildFile; fileRef = 812DAEC42FF51CD6001C885F /* EssentialFeediOS.framework */; settings = {ATTRIBUTES = (CodeSignOnCopy, RemoveHeadersOnCopy, ); }; };
		811A6DFC2FD8441B00FEB69B /* EssentialFeed.framework in Frameworks */ = {isa = PBXBuildFile; fileRef = 81B9E7332F3B7742000F5E57 /* EssentialFeed.framework */; };
		8171853A2FED40B300647F0F /* EssentialFeed.framework in Frameworks */ = {isa = PBXBuildFile; fileRef = 81B9E7332F3B7742000F5E57 /* EssentialFeed.framework */; };
		81B8D9A92FFBAF28005BB119 /* EssentialFeed.framework in Frameworks */ = {isa = PBXBuildFile; fileRef = 81B9E7332F3B7742000F5E57 /* EssentialFeed.framework */; };
		81B8D9AA2FFBAF28005BB119 /* EssentialFeed.framework in Embed Frameworks */ = {isa = PBXBuildFile; fileRef = 81B9E7332F3B7742000F5E57 /* EssentialFeed.framework */; settings = {ATTRIBUTES = (CodeSignOnCopy, RemoveHeadersOnCopy, ); }; };
		81B8D9AE2FFBAF2C005BB119 /* EssentialFeediOS.framework in Frameworks */ = {isa = PBXBuildFile; fileRef = 812DAEC42FF51CD6001C885F /* EssentialFeediOS.framework */; };
		81B8D9AF2FFBAF2C005BB119 /* EssentialFeediOS.framework in Embed Frameworks */ = {isa = PBXBuildFile; fileRef = 812DAEC42FF51CD6001C885F /* EssentialFeediOS.framework */; settings = {ATTRIBUTES = (CodeSignOnCopy, RemoveHeadersOnCopy, ); }; };
		81B9E73F2F3B7742000F5E57 /* EssentialFeed.framework in Frameworks */ = {isa = PBXBuildFile; fileRef = 81B9E7332F3B7742000F5E57 /* EssentialFeed.framework */; };
/* End PBXBuildFile section */

/* Begin PBXContainerItemProxy section */
		81099829300F6564001E3C16 /* PBXContainerItemProxy */ = {
			isa = PBXContainerItemProxy;
			containerPortal = 81B9E72A2F3B7741000F5E57 /* Project object */;
			proxyType = 1;
			remoteGlobalIDString = 81B9E7322F3B7742000F5E57;
			remoteInfo = EssentialFeed;
		};
		8109982D300F6564001E3C16 /* PBXContainerItemProxy */ = {
			isa = PBXContainerItemProxy;
			containerPortal = 81B9E72A2F3B7741000F5E57 /* Project object */;
			proxyType = 1;
			remoteGlobalIDString = 812DAEC32FF51CD6001C885F;
			remoteInfo = EssentialFeediOS;
		};
		811A6DFD2FD8441B00FEB69B /* PBXContainerItemProxy */ = {
			isa = PBXContainerItemProxy;
			containerPortal = 81B9E72A2F3B7741000F5E57 /* Project object */;
			proxyType = 1;
			remoteGlobalIDString = 81B9E7322F3B7742000F5E57;
			remoteInfo = EssentialFeed;
		};
		812DAECE2FF51CD6001C885F /* PBXContainerItemProxy */ = {
			isa = PBXContainerItemProxy;
			containerPortal = 81B9E72A2F3B7741000F5E57 /* Project object */;
			proxyType = 1;
			remoteGlobalIDString = 812DAEC32FF51CD6001C885F;
			remoteInfo = EssentialFeediOS;
		};
		8171853B2FED40B300647F0F /* PBXContainerItemProxy */ = {
			isa = PBXContainerItemProxy;
			containerPortal = 81B9E72A2F3B7741000F5E57 /* Project object */;
			proxyType = 1;
			remoteGlobalIDString = 81B9E7322F3B7742000F5E57;
			remoteInfo = EssentialFeed;
		};
		81B8D9AB2FFBAF28005BB119 /* PBXContainerItemProxy */ = {
			isa = PBXContainerItemProxy;
			containerPortal = 81B9E72A2F3B7741000F5E57 /* Project object */;
			proxyType = 1;
			remoteGlobalIDString = 81B9E7322F3B7742000F5E57;
			remoteInfo = EssentialFeed;
		};
		81B9E7402F3B7742000F5E57 /* PBXContainerItemProxy */ = {
			isa = PBXContainerItemProxy;
			containerPortal = 81B9E72A2F3B7741000F5E57 /* Project object */;
			proxyType = 1;
			remoteGlobalIDString = 81B9E7322F3B7742000F5E57;
			remoteInfo = EssentialFeed;
		};
/* End PBXContainerItemProxy section */

/* Begin PBXCopyFilesBuildPhase section */
		8109982F300F6564001E3C16 /* Embed Frameworks */ = {
			isa = PBXCopyFilesBuildPhase;
			buildActionMask = 2147483647;
			dstPath = "";
			dstSubfolderSpec = 10;
			files = (
				81099828300F6564001E3C16 /* EssentialFeed.framework in Embed Frameworks */,
				8109982C300F6564001E3C16 /* EssentialFeediOS.framework in Embed Frameworks */,
			);
			name = "Embed Frameworks";
			runOnlyForDeploymentPostprocessing = 0;
		};
		81B8D9AD2FFBAF28005BB119 /* Embed Frameworks */ = {
			isa = PBXCopyFilesBuildPhase;
			buildActionMask = 2147483647;
			dstPath = "";
			dstSubfolderSpec = 10;
			files = (
				81B8D9AA2FFBAF28005BB119 /* EssentialFeed.framework in Embed Frameworks */,
			);
			name = "Embed Frameworks";
			runOnlyForDeploymentPostprocessing = 0;
		};
		81B8D9B02FFBAF2C005BB119 /* Embed Frameworks */ = {
			isa = PBXCopyFilesBuildPhase;
			buildActionMask = 2147483647;
			dstPath = "";
			dstSubfolderSpec = 10;
			files = (
				81B8D9AF2FFBAF2C005BB119 /* EssentialFeediOS.framework in Embed Frameworks */,
			);
			name = "Embed Frameworks";
			runOnlyForDeploymentPostprocessing = 0;
		};
/* End PBXCopyFilesBuildPhase section */

/* Begin PBXFileReference section */
		81099811300F652C001E3C16 /* EssentialFeediOSApp.app */ = {isa = PBXFileReference; explicitFileType = wrapper.application; includeInIndex = 0; path = EssentialFeediOSApp.app; sourceTree = BUILT_PRODUCTS_DIR; };
		811A6DF32FD72A4B00FEB69B /* EssentialFeed.xctestplan */ = {isa = PBXFileReference; lastKnownFileType = text; path = EssentialFeed.xctestplan; sourceTree = "<group>"; };
		811A6DF82FD8441B00FEB69B /* EssentialFeedAPIEndToEndTests.xctest */ = {isa = PBXFileReference; explicitFileType = wrapper.cfbundle; includeInIndex = 0; path = EssentialFeedAPIEndToEndTests.xctest; sourceTree = BUILT_PRODUCTS_DIR; };
		811A6E062FD87E5100FEB69B /* CI.xctestplan */ = {isa = PBXFileReference; lastKnownFileType = text; path = CI.xctestplan; sourceTree = "<group>"; };
		812DAEC42FF51CD6001C885F /* EssentialFeediOS.framework */ = {isa = PBXFileReference; explicitFileType = wrapper.framework; includeInIndex = 0; path = EssentialFeediOS.framework; sourceTree = BUILT_PRODUCTS_DIR; };
		812DAECC2FF51CD6001C885F /* EssentialFeediOSTests.xctest */ = {isa = PBXFileReference; explicitFileType = wrapper.cfbundle; includeInIndex = 0; path = EssentialFeediOSTests.xctest; sourceTree = BUILT_PRODUCTS_DIR; };
		817185032FE2E11F00647F0F /* README.md */ = {isa = PBXFileReference; lastKnownFileType = net.daringfireball.markdown; path = README.md; sourceTree = "<group>"; };
		817185362FED40B300647F0F /* EssentialFeedCacheIntegrationTests.xctest */ = {isa = PBXFileReference; explicitFileType = wrapper.cfbundle; includeInIndex = 0; path = EssentialFeedCacheIntegrationTests.xctest; sourceTree = BUILT_PRODUCTS_DIR; };
		817185402FED411000647F0F /* CacheIntegrationTests.xctestplan */ = {isa = PBXFileReference; lastKnownFileType = text; path = CacheIntegrationTests.xctestplan; sourceTree = "<group>"; };
		81B8D9492FF51D38005BB119 /* EssentialFeediOS.xctestplan */ = {isa = PBXFileReference; lastKnownFileType = text; path = EssentialFeediOS.xctestplan; sourceTree = "<group>"; };
		81B8D9A42FF7D6E5005BB119 /* CI_iOS.xctestplan */ = {isa = PBXFileReference; lastKnownFileType = text; path = CI_iOS.xctestplan; sourceTree = "<group>"; };
		81B9E7332F3B7742000F5E57 /* EssentialFeed.framework */ = {isa = PBXFileReference; explicitFileType = wrapper.framework; includeInIndex = 0; path = EssentialFeed.framework; sourceTree = BUILT_PRODUCTS_DIR; };
		81B9E73E2F3B7742000F5E57 /* EssentialFeedTests.xctest */ = {isa = PBXFileReference; explicitFileType = wrapper.cfbundle; includeInIndex = 0; path = EssentialFeedTests.xctest; sourceTree = BUILT_PRODUCTS_DIR; };
/* End PBXFileReference section */

/* Begin PBXFileSystemSynchronizedBuildFileExceptionSet section */
		81099822300F652E001E3C16 /* Exceptions for "EssentialFeediOSApp" folder in "EssentialFeediOSApp" target */ = {
			isa = PBXFileSystemSynchronizedBuildFileExceptionSet;
			membershipExceptions = (
				Info.plist,
			);
			target = 81099810300F652C001E3C16 /* EssentialFeediOSApp */;
		};
		811A6E032FD8575300FEB69B /* Exceptions for "EssentialFeedTests" folder in "EssentialFeedAPIEndToEndTests" target */ = {
			isa = PBXFileSystemSynchronizedBuildFileExceptionSet;
			membershipExceptions = (
				Helpers/SharedTestHelpers.swift,
				"Helpers/XCTestCase+MemoryLeak.swift",
			);
			target = 811A6DF72FD8441B00FEB69B /* EssentialFeedAPIEndToEndTests */;
		};
		81B8D9B22FFBB07F005BB119 /* Exceptions for "EssentialFeedTests" folder in "EssentialFeediOSTests" target */ = {
			isa = PBXFileSystemSynchronizedBuildFileExceptionSet;
			membershipExceptions = (
				Helpers/SharedTestHelpers.swift,
				"Helpers/XCTestCase+MemoryLeak.swift",
			);
			target = 812DAECB2FF51CD6001C885F /* EssentialFeediOSTests */;
		};
		81F8EF892FED76EB00A302E3 /* Exceptions for "EssentialFeedTests" folder in "EssentialFeedCacheIntegrationTests" target */ = {
			isa = PBXFileSystemSynchronizedBuildFileExceptionSet;
			membershipExceptions = (
				"Feed Cache/Helpers/FeedCacheTestHelpers.swift",
				Helpers/SharedTestHelpers.swift,
				"Helpers/XCTestCase+MemoryLeak.swift",
			);
			target = 817185352FED40B300647F0F /* EssentialFeedCacheIntegrationTests */;
		};
/* End PBXFileSystemSynchronizedBuildFileExceptionSet section */

/* Begin PBXFileSystemSynchronizedRootGroup section */
		81099812300F652C001E3C16 /* EssentialFeediOSApp */ = {
			isa = PBXFileSystemSynchronizedRootGroup;
			exceptions = (
				81099822300F652E001E3C16 /* Exceptions for "EssentialFeediOSApp" folder in "EssentialFeediOSApp" target */,
			);
			path = EssentialFeediOSApp;
			sourceTree = "<group>";
		};
		811A6DF92FD8441B00FEB69B /* EssentialFeedAPIEndToEndTests */ = {
			isa = PBXFileSystemSynchronizedRootGroup;
			path = EssentialFeedAPIEndToEndTests;
			sourceTree = "<group>";
		};
		812DAEC52FF51CD6001C885F /* EssentialFeediOS */ = {
			isa = PBXFileSystemSynchronizedRootGroup;
			path = EssentialFeediOS;
			sourceTree = "<group>";
		};
		812DAED02FF51CD6001C885F /* EssentialFeediOSTests */ = {
			isa = PBXFileSystemSynchronizedRootGroup;
			path = EssentialFeediOSTests;
			sourceTree = "<group>";
		};
		817185372FED40B300647F0F /* EssentialFeedCacheIntegrationTests */ = {
			isa = PBXFileSystemSynchronizedRootGroup;
			path = EssentialFeedCacheIntegrationTests;
			sourceTree = "<group>";
		};
		81B9E7352F3B7742000F5E57 /* EssentialFeed */ = {
			isa = PBXFileSystemSynchronizedRootGroup;
			path = EssentialFeed;
			sourceTree = "<group>";
		};
		81B9E7422F3B7742000F5E57 /* EssentialFeedTests */ = {
			isa = PBXFileSystemSynchronizedRootGroup;
			exceptions = (
				811A6E032FD8575300FEB69B /* Exceptions for "EssentialFeedTests" folder in "EssentialFeedAPIEndToEndTests" target */,
				81F8EF892FED76EB00A302E3 /* Exceptions for "EssentialFeedTests" folder in "EssentialFeedCacheIntegrationTests" target */,
				81B8D9B22FFBB07F005BB119 /* Exceptions for "EssentialFeedTests" folder in "EssentialFeediOSTests" target */,
			);
			path = EssentialFeedTests;
			sourceTree = "<group>";
		};
/* End PBXFileSystemSynchronizedRootGroup section */

/* Begin PBXFrameworksBuildPhase section */
		8109980E300F652C001E3C16 /* Frameworks */ = {
			isa = PBXFrameworksBuildPhase;
			buildActionMask = 2147483647;
			files = (
				81099827300F6564001E3C16 /* EssentialFeed.framework in Frameworks */,
				8109982B300F6564001E3C16 /* EssentialFeediOS.framework in Frameworks */,
			);
			runOnlyForDeploymentPostprocessing = 0;
		};
		811A6DF52FD8441B00FEB69B /* Frameworks */ = {
			isa = PBXFrameworksBuildPhase;
			buildActionMask = 2147483647;
			files = (
				811A6DFC2FD8441B00FEB69B /* EssentialFeed.framework in Frameworks */,
			);
			runOnlyForDeploymentPostprocessing = 0;
		};
		812DAEC12FF51CD6001C885F /* Frameworks */ = {
			isa = PBXFrameworksBuildPhase;
			buildActionMask = 2147483647;
			files = (
				81B8D9A92FFBAF28005BB119 /* EssentialFeed.framework in Frameworks */,
			);
			runOnlyForDeploymentPostprocessing = 0;
		};
		812DAEC92FF51CD6001C885F /* Frameworks */ = {
			isa = PBXFrameworksBuildPhase;
			buildActionMask = 2147483647;
			files = (
				81B8D9AE2FFBAF2C005BB119 /* EssentialFeediOS.framework in Frameworks */,
			);
			runOnlyForDeploymentPostprocessing = 0;
		};
		817185332FED40B300647F0F /* Frameworks */ = {
			isa = PBXFrameworksBuildPhase;
			buildActionMask = 2147483647;
			files = (
				8171853A2FED40B300647F0F /* EssentialFeed.framework in Frameworks */,
			);
			runOnlyForDeploymentPostprocessing = 0;
		};
		81B9E7302F3B7742000F5E57 /* Frameworks */ = {
			isa = PBXFrameworksBuildPhase;
			buildActionMask = 2147483647;
			files = (
			);
			runOnlyForDeploymentPostprocessing = 0;
		};
		81B9E73B2F3B7742000F5E57 /* Frameworks */ = {
			isa = PBXFrameworksBuildPhase;
			buildActionMask = 2147483647;
			files = (
				81B9E73F2F3B7742000F5E57 /* EssentialFeed.framework in Frameworks */,
			);
			runOnlyForDeploymentPostprocessing = 0;
		};
/* End PBXFrameworksBuildPhase section */

/* Begin PBXGroup section */
		81099826300F6564001E3C16 /* Frameworks */ = {
			isa = PBXGroup;
			children = (
			);
			name = Frameworks;
			sourceTree = "<group>";
		};
		81B9E7292F3B7741000F5E57 = {
			isa = PBXGroup;
			children = (
				817185032FE2E11F00647F0F /* README.md */,
				81099812300F652C001E3C16 /* EssentialFeediOSApp */,
				81B9E7352F3B7742000F5E57 /* EssentialFeed */,
				812DAEC52FF51CD6001C885F /* EssentialFeediOS */,
				81B9E7422F3B7742000F5E57 /* EssentialFeedTests */,
				811A6DF92FD8441B00FEB69B /* EssentialFeedAPIEndToEndTests */,
				817185372FED40B300647F0F /* EssentialFeedCacheIntegrationTests */,
				812DAED02FF51CD6001C885F /* EssentialFeediOSTests */,
				811A6E062FD87E5100FEB69B /* CI.xctestplan */,
				81B8D9A42FF7D6E5005BB119 /* CI_iOS.xctestplan */,
				811A6DF32FD72A4B00FEB69B /* EssentialFeed.xctestplan */,
				81B8D9492FF51D38005BB119 /* EssentialFeediOS.xctestplan */,
				817185402FED411000647F0F /* CacheIntegrationTests.xctestplan */,
				81099826300F6564001E3C16 /* Frameworks */,
				81B9E7342F3B7742000F5E57 /* Products */,
			);
			sourceTree = "<group>";
		};
		81B9E7342F3B7742000F5E57 /* Products */ = {
			isa = PBXGroup;
			children = (
				81B9E7332F3B7742000F5E57 /* EssentialFeed.framework */,
				81B9E73E2F3B7742000F5E57 /* EssentialFeedTests.xctest */,
				811A6DF82FD8441B00FEB69B /* EssentialFeedAPIEndToEndTests.xctest */,
				817185362FED40B300647F0F /* EssentialFeedCacheIntegrationTests.xctest */,
				812DAEC42FF51CD6001C885F /* EssentialFeediOS.framework */,
				812DAECC2FF51CD6001C885F /* EssentialFeediOSTests.xctest */,
				81099811300F652C001E3C16 /* EssentialFeediOSApp.app */,
			);
			name = Products;
			sourceTree = "<group>";
		};
/* End PBXGroup section */

/* Begin PBXHeadersBuildPhase section */
		812DAEBF2FF51CD6001C885F /* Headers */ = {
			isa = PBXHeadersBuildPhase;
			buildActionMask = 2147483647;
			files = (
			);
			runOnlyForDeploymentPostprocessing = 0;
		};
		81B9E72E2F3B7742000F5E57 /* Headers */ = {
			isa = PBXHeadersBuildPhase;
			buildActionMask = 2147483647;
			files = (
			);
			runOnlyForDeploymentPostprocessing = 0;
		};
/* End PBXHeadersBuildPhase section */

/* Begin PBXNativeTarget section */
		81099810300F652C001E3C16 /* EssentialFeediOSApp */ = {
			isa = PBXNativeTarget;
			buildConfigurationList = 81099823300F652E001E3C16 /* Build configuration list for PBXNativeTarget "EssentialFeediOSApp" */;
			buildPhases = (
				8109980D300F652C001E3C16 /* Sources */,
				8109980E300F652C001E3C16 /* Frameworks */,
				8109980F300F652C001E3C16 /* Resources */,
				8109982F300F6564001E3C16 /* Embed Frameworks */,
			);
			buildRules = (
			);
			dependencies = (
				8109982A300F6564001E3C16 /* PBXTargetDependency */,
				8109982E300F6564001E3C16 /* PBXTargetDependency */,
			);
			fileSystemSynchronizedGroups = (
				81099812300F652C001E3C16 /* EssentialFeediOSApp */,
			);
			name = EssentialFeediOSApp;
			packageProductDependencies = (
			);
			productName = EssentialFeediOSApp;
			productReference = 81099811300F652C001E3C16 /* EssentialFeediOSApp.app */;
			productType = "com.apple.product-type.application";
		};
		811A6DF72FD8441B00FEB69B /* EssentialFeedAPIEndToEndTests */ = {
			isa = PBXNativeTarget;
			buildConfigurationList = 811A6DFF2FD8441B00FEB69B /* Build configuration list for PBXNativeTarget "EssentialFeedAPIEndToEndTests" */;
			buildPhases = (
				811A6DF42FD8441B00FEB69B /* Sources */,
				811A6DF52FD8441B00FEB69B /* Frameworks */,
				811A6DF62FD8441B00FEB69B /* Resources */,
			);
			buildRules = (
			);
			dependencies = (
				811A6DFE2FD8441B00FEB69B /* PBXTargetDependency */,
			);
			fileSystemSynchronizedGroups = (
				811A6DF92FD8441B00FEB69B /* EssentialFeedAPIEndToEndTests */,
			);
			name = EssentialFeedAPIEndToEndTests;
			packageProductDependencies = (
			);
			productName = EssentialFeedAPIEndToEndTests;
			productReference = 811A6DF82FD8441B00FEB69B /* EssentialFeedAPIEndToEndTests.xctest */;
			productType = "com.apple.product-type.bundle.unit-test";
		};
		812DAEC32FF51CD6001C885F /* EssentialFeediOS */ = {
			isa = PBXNativeTarget;
			buildConfigurationList = 812DAED32FF51CD6001C885F /* Build configuration list for PBXNativeTarget "EssentialFeediOS" */;
			buildPhases = (
				812DAEBF2FF51CD6001C885F /* Headers */,
				812DAEC02FF51CD6001C885F /* Sources */,
				812DAEC12FF51CD6001C885F /* Frameworks */,
				812DAEC22FF51CD6001C885F /* Resources */,
				81B8D9AD2FFBAF28005BB119 /* Embed Frameworks */,
			);
			buildRules = (
			);
			dependencies = (
				81B8D9AC2FFBAF28005BB119 /* PBXTargetDependency */,
			);
			fileSystemSynchronizedGroups = (
				812DAEC52FF51CD6001C885F /* EssentialFeediOS */,
			);
			name = EssentialFeediOS;
			packageProductDependencies = (
			);
			productName = EssentialFeediOS;
			productReference = 812DAEC42FF51CD6001C885F /* EssentialFeediOS.framework */;
			productType = "com.apple.product-type.framework";
		};
		812DAECB2FF51CD6001C885F /* EssentialFeediOSTests */ = {
			isa = PBXNativeTarget;
			buildConfigurationList = 812DAED62FF51CD6001C885F /* Build configuration list for PBXNativeTarget "EssentialFeediOSTests" */;
			buildPhases = (
				812DAEC82FF51CD6001C885F /* Sources */,
				812DAEC92FF51CD6001C885F /* Frameworks */,
				812DAECA2FF51CD6001C885F /* Resources */,
				81B8D9B02FFBAF2C005BB119 /* Embed Frameworks */,
			);
			buildRules = (
			);
			dependencies = (
				812DAECF2FF51CD6001C885F /* PBXTargetDependency */,
			);
			fileSystemSynchronizedGroups = (
				812DAED02FF51CD6001C885F /* EssentialFeediOSTests */,
			);
			name = EssentialFeediOSTests;
			packageProductDependencies = (
			);
			productName = EssentialFeediOSTests;
			productReference = 812DAECC2FF51CD6001C885F /* EssentialFeediOSTests.xctest */;
			productType = "com.apple.product-type.bundle.unit-test";
		};
		817185352FED40B300647F0F /* EssentialFeedCacheIntegrationTests */ = {
			isa = PBXNativeTarget;
			buildConfigurationList = 8171853D2FED40B300647F0F /* Build configuration list for PBXNativeTarget "EssentialFeedCacheIntegrationTests" */;
			buildPhases = (
				817185322FED40B300647F0F /* Sources */,
				817185332FED40B300647F0F /* Frameworks */,
				817185342FED40B300647F0F /* Resources */,
			);
			buildRules = (
			);
			dependencies = (
				8171853C2FED40B300647F0F /* PBXTargetDependency */,
			);
			fileSystemSynchronizedGroups = (
				817185372FED40B300647F0F /* EssentialFeedCacheIntegrationTests */,
			);
			name = EssentialFeedCacheIntegrationTests;
			packageProductDependencies = (
			);
			productName = EssentialFeedCacheIntegrationTests;
			productReference = 817185362FED40B300647F0F /* EssentialFeedCacheIntegrationTests.xctest */;
			productType = "com.apple.product-type.bundle.unit-test";
		};
		81B9E7322F3B7742000F5E57 /* EssentialFeed */ = {
			isa = PBXNativeTarget;
			buildConfigurationList = 81B9E7472F3B7742000F5E57 /* Build configuration list for PBXNativeTarget "EssentialFeed" */;
			buildPhases = (
				81B9E72E2F3B7742000F5E57 /* Headers */,
				81B9E72F2F3B7742000F5E57 /* Sources */,
				81B9E7302F3B7742000F5E57 /* Frameworks */,
				81B9E7312F3B7742000F5E57 /* Resources */,
			);
			buildRules = (
			);
			dependencies = (
			);
			fileSystemSynchronizedGroups = (
				81B9E7352F3B7742000F5E57 /* EssentialFeed */,
			);
			name = EssentialFeed;
			packageProductDependencies = (
			);
			productName = EssentialFeed;
			productReference = 81B9E7332F3B7742000F5E57 /* EssentialFeed.framework */;
			productType = "com.apple.product-type.framework";
		};
		81B9E73D2F3B7742000F5E57 /* EssentialFeedTests */ = {
			isa = PBXNativeTarget;
			buildConfigurationList = 81B9E74A2F3B7742000F5E57 /* Build configuration list for PBXNativeTarget "EssentialFeedTests" */;
			buildPhases = (
				81B9E73A2F3B7742000F5E57 /* Sources */,
				81B9E73B2F3B7742000F5E57 /* Frameworks */,
				81B9E73C2F3B7742000F5E57 /* Resources */,
			);
			buildRules = (
			);
			dependencies = (
				81B9E7412F3B7742000F5E57 /* PBXTargetDependency */,
			);
			fileSystemSynchronizedGroups = (
				81B9E7422F3B7742000F5E57 /* EssentialFeedTests */,
			);
			name = EssentialFeedTests;
			packageProductDependencies = (
			);
			productName = EssentialFeedTests;
			productReference = 81B9E73E2F3B7742000F5E57 /* EssentialFeedTests.xctest */;
			productType = "com.apple.product-type.bundle.unit-test";
		};
/* End PBXNativeTarget section */

/* Begin PBXProject section */
		81B9E72A2F3B7741000F5E57 /* Project object */ = {
			isa = PBXProject;
			attributes = {
				BuildIndependentTargetsInParallel = 1;
				LastSwiftUpdateCheck = 2650;
				LastUpgradeCheck = 2620;
				TargetAttributes = {
					81099810300F652C001E3C16 = {
						CreatedOnToolsVersion = 26.5;
					};
					811A6DF72FD8441B00FEB69B = {
						CreatedOnToolsVersion = 26.2;
					};
					812DAEC32FF51CD6001C885F = {
						CreatedOnToolsVersion = 26.5;
					};
					812DAECB2FF51CD6001C885F = {
						CreatedOnToolsVersion = 26.5;
						LastSwiftMigration = 2650;
					};
					817185352FED40B300647F0F = {
						CreatedOnToolsVersion = 26.5;
					};
					81B9E7322F3B7742000F5E57 = {
						CreatedOnToolsVersion = 26.2;
					};
					81B9E73D2F3B7742000F5E57 = {
						CreatedOnToolsVersion = 26.2;
					};
				};
			};
			buildConfigurationList = 81B9E72D2F3B7741000F5E57 /* Build configuration list for PBXProject "EssentialFeed" */;
			developmentRegion = en;
			hasScannedForEncodings = 0;
			knownRegions = (
				en,
				Base,
			);
			mainGroup = 81B9E7292F3B7741000F5E57;
			minimizedProjectReferenceProxies = 1;
			preferredProjectObjectVersion = 77;
			productRefGroup = 81B9E7342F3B7742000F5E57 /* Products */;
			projectDirPath = "";
			projectRoot = "";
			targets = (
				81B9E7322F3B7742000F5E57 /* EssentialFeed */,
				81B9E73D2F3B7742000F5E57 /* EssentialFeedTests */,
				811A6DF72FD8441B00FEB69B /* EssentialFeedAPIEndToEndTests */,
				817185352FED40B300647F0F /* EssentialFeedCacheIntegrationTests */,
				812DAEC32FF51CD6001C885F /* EssentialFeediOS */,
				812DAECB2FF51CD6001C885F /* EssentialFeediOSTests */,
				81099810300F652C001E3C16 /* EssentialFeediOSApp */,
			);
		};
/* End PBXProject section */

/* Begin PBXResourcesBuildPhase section */
		8109980F300F652C001E3C16 /* Resources */ = {
			isa = PBXResourcesBuildPhase;
			buildActionMask = 2147483647;
			files = (
			);
			runOnlyForDeploymentPostprocessing = 0;
		};
		811A6DF62FD8441B00FEB69B /* Resources */ = {
			isa = PBXResourcesBuildPhase;
			buildActionMask = 2147483647;
			files = (
			);
			runOnlyForDeploymentPostprocessing = 0;
		};
		812DAEC22FF51CD6001C885F /* Resources */ = {
			isa = PBXResourcesBuildPhase;
			buildActionMask = 2147483647;
			files = (
			);
			runOnlyForDeploymentPostprocessing = 0;
		};
		812DAECA2FF51CD6001C885F /* Resources */ = {
			isa = PBXResourcesBuildPhase;
			buildActionMask = 2147483647;
			files = (
			);
			runOnlyForDeploymentPostprocessing = 0;
		};
		817185342FED40B300647F0F /* Resources */ = {
			isa = PBXResourcesBuildPhase;
			buildActionMask = 2147483647;
			files = (
			);
			runOnlyForDeploymentPostprocessing = 0;
		};
		81B9E7312F3B7742000F5E57 /* Resources */ = {
			isa = PBXResourcesBuildPhase;
			buildActionMask = 2147483647;
			files = (
			);
			runOnlyForDeploymentPostprocessing = 0;
		};
		81B9E73C2F3B7742000F5E57 /* Resources */ = {
			isa = PBXResourcesBuildPhase;
			buildActionMask = 2147483647;
			files = (
			);
			runOnlyForDeploymentPostprocessing = 0;
		};
/* End PBXResourcesBuildPhase section */

/* Begin PBXSourcesBuildPhase section */
		8109980D300F652C001E3C16 /* Sources */ = {
			isa = PBXSourcesBuildPhase;
			buildActionMask = 2147483647;
			files = (
			);
			runOnlyForDeploymentPostprocessing = 0;
		};
		811A6DF42FD8441B00FEB69B /* Sources */ = {
			isa = PBXSourcesBuildPhase;
			buildActionMask = 2147483647;
			files = (
			);
			runOnlyForDeploymentPostprocessing = 0;
		};
		812DAEC02FF51CD6001C885F /* Sources */ = {
			isa = PBXSourcesBuildPhase;
			buildActionMask = 2147483647;
			files = (
			);
			runOnlyForDeploymentPostprocessing = 0;
		};
		812DAEC82FF51CD6001C885F /* Sources */ = {
			isa = PBXSourcesBuildPhase;
			buildActionMask = 2147483647;
			files = (
			);
			runOnlyForDeploymentPostprocessing = 0;
		};
		817185322FED40B300647F0F /* Sources */ = {
			isa = PBXSourcesBuildPhase;
			buildActionMask = 2147483647;
			files = (
			);
			runOnlyForDeploymentPostprocessing = 0;
		};
		81B9E72F2F3B7742000F5E57 /* Sources */ = {
			isa = PBXSourcesBuildPhase;
			buildActionMask = 2147483647;
			files = (
			);
			runOnlyForDeploymentPostprocessing = 0;
		};
		81B9E73A2F3B7742000F5E57 /* Sources */ = {
			isa = PBXSourcesBuildPhase;
			buildActionMask = 2147483647;
			files = (
			);
			runOnlyForDeploymentPostprocessing = 0;
		};
/* End PBXSourcesBuildPhase section */

/* Begin PBXTargetDependency section */
		8109982A300F6564001E3C16 /* PBXTargetDependency */ = {
			isa = PBXTargetDependency;
			target = 81B9E7322F3B7742000F5E57 /* EssentialFeed */;
			targetProxy = 81099829300F6564001E3C16 /* PBXContainerItemProxy */;
		};
		8109982E300F6564001E3C16 /* PBXTargetDependency */ = {
			isa = PBXTargetDependency;
			target = 812DAEC32FF51CD6001C885F /* EssentialFeediOS */;
			targetProxy = 8109982D300F6564001E3C16 /* PBXContainerItemProxy */;
		};
		811A6DFE2FD8441B00FEB69B /* PBXTargetDependency */ = {
			isa = PBXTargetDependency;
			target = 81B9E7322F3B7742000F5E57 /* EssentialFeed */;
			targetProxy = 811A6DFD2FD8441B00FEB69B /* PBXContainerItemProxy */;
		};
		812DAECF2FF51CD6001C885F /* PBXTargetDependency */ = {
			isa = PBXTargetDependency;
			target = 812DAEC32FF51CD6001C885F /* EssentialFeediOS */;
			targetProxy = 812DAECE2FF51CD6001C885F /* PBXContainerItemProxy */;
		};
		8171853C2FED40B300647F0F /* PBXTargetDependency */ = {
			isa = PBXTargetDependency;
			target = 81B9E7322F3B7742000F5E57 /* EssentialFeed */;
			targetProxy = 8171853B2FED40B300647F0F /* PBXContainerItemProxy */;
		};
		81B8D9AC2FFBAF28005BB119 /* PBXTargetDependency */ = {
			isa = PBXTargetDependency;
			target = 81B9E7322F3B7742000F5E57 /* EssentialFeed */;
			targetProxy = 81B8D9AB2FFBAF28005BB119 /* PBXContainerItemProxy */;
		};
		81B9E7412F3B7742000F5E57 /* PBXTargetDependency */ = {
			isa = PBXTargetDependency;
			target = 81B9E7322F3B7742000F5E57 /* EssentialFeed */;
			targetProxy = 81B9E7402F3B7742000F5E57 /* PBXContainerItemProxy */;
		};
/* End PBXTargetDependency section */

/* Begin XCBuildConfiguration section */
		81099824300F652E001E3C16 /* Debug */ = {
			isa = XCBuildConfiguration;
			buildSettings = {
				ASSETCATALOG_COMPILER_APPICON_NAME = AppIcon;
				ASSETCATALOG_COMPILER_GLOBAL_ACCENT_COLOR_NAME = AccentColor;
				CODE_SIGN_STYLE = Automatic;
				CURRENT_PROJECT_VERSION = 1;
				DEVELOPMENT_TEAM = 8U3ACF2A39;
				GENERATE_INFOPLIST_FILE = YES;
				INFOPLIST_FILE = EssentialFeediOSApp/Info.plist;
				INFOPLIST_KEY_UIApplicationSupportsIndirectInputEvents = YES;
				INFOPLIST_KEY_UILaunchStoryboardName = LaunchScreen;
				INFOPLIST_KEY_UIMainStoryboardFile = Main;
				INFOPLIST_KEY_UISupportedInterfaceOrientations = UIInterfaceOrientationPortrait;
				INFOPLIST_KEY_UISupportedInterfaceOrientations_iPad = "UIInterfaceOrientationLandscapeLeft UIInterfaceOrientationLandscapeRight UIInterfaceOrientationPortrait UIInterfaceOrientationPortraitUpsideDown";
				IPHONEOS_DEPLOYMENT_TARGET = 26.5;
				LD_RUNPATH_SEARCH_PATHS = (
					"$(inherited)",
					"@executable_path/Frameworks",
				);
				MARKETING_VERSION = 1.0;
				PRODUCT_BUNDLE_IDENTIFIER = com.donatkabashi.EssentialFeediOSApp;
				PRODUCT_NAME = "$(TARGET_NAME)";
				SDKROOT = iphoneos;
				STRING_CATALOG_GENERATE_SYMBOLS = YES;
				SUPPORTED_PLATFORMS = "iphoneos iphonesimulator";
				SUPPORTS_MACCATALYST = NO;
				SUPPORTS_XR_DESIGNED_FOR_IPHONE_IPAD = NO;
				SWIFT_APPROACHABLE_CONCURRENCY = YES;
				SWIFT_DEFAULT_ACTOR_ISOLATION = MainActor;
				SWIFT_EMIT_LOC_STRINGS = YES;
				SWIFT_UPCOMING_FEATURE_MEMBER_IMPORT_VISIBILITY = YES;
				SWIFT_VERSION = 5.0;
				TARGETED_DEVICE_FAMILY = 1;
			};
			name = Debug;
		};
		81099825300F652E001E3C16 /* Release */ = {
			isa = XCBuildConfiguration;
			buildSettings = {
				ASSETCATALOG_COMPILER_APPICON_NAME = AppIcon;
				ASSETCATALOG_COMPILER_GLOBAL_ACCENT_COLOR_NAME = AccentColor;
				CODE_SIGN_STYLE = Automatic;
				CURRENT_PROJECT_VERSION = 1;
				DEVELOPMENT_TEAM = 8U3ACF2A39;
				GENERATE_INFOPLIST_FILE = YES;
				INFOPLIST_FILE = EssentialFeediOSApp/Info.plist;
				INFOPLIST_KEY_UIApplicationSupportsIndirectInputEvents = YES;
				INFOPLIST_KEY_UILaunchStoryboardName = LaunchScreen;
				INFOPLIST_KEY_UIMainStoryboardFile = Main;
				INFOPLIST_KEY_UISupportedInterfaceOrientations = UIInterfaceOrientationPortrait;
				INFOPLIST_KEY_UISupportedInterfaceOrientations_iPad = "UIInterfaceOrientationLandscapeLeft UIInterfaceOrientationLandscapeRight UIInterfaceOrientationPortrait UIInterfaceOrientationPortraitUpsideDown";
				IPHONEOS_DEPLOYMENT_TARGET = 26.5;
				LD_RUNPATH_SEARCH_PATHS = (
					"$(inherited)",
					"@executable_path/Frameworks",
				);
				MARKETING_VERSION = 1.0;
				PRODUCT_BUNDLE_IDENTIFIER = com.donatkabashi.EssentialFeediOSApp;
				PRODUCT_NAME = "$(TARGET_NAME)";
				SDKROOT = iphoneos;
				STRING_CATALOG_GENERATE_SYMBOLS = YES;
				SUPPORTED_PLATFORMS = "iphoneos iphonesimulator";
				SUPPORTS_MACCATALYST = NO;
				SUPPORTS_XR_DESIGNED_FOR_IPHONE_IPAD = NO;
				SWIFT_APPROACHABLE_CONCURRENCY = YES;
				SWIFT_DEFAULT_ACTOR_ISOLATION = MainActor;
				SWIFT_EMIT_LOC_STRINGS = YES;
				SWIFT_UPCOMING_FEATURE_MEMBER_IMPORT_VISIBILITY = YES;
				SWIFT_VERSION = 5.0;
				TARGETED_DEVICE_FAMILY = 1;
				VALIDATE_PRODUCT = YES;
			};
			name = Release;
		};
		811A6E002FD8441B00FEB69B /* Debug */ = {
			isa = XCBuildConfiguration;
			buildSettings = {
				CODE_SIGN_STYLE = Automatic;
				CURRENT_PROJECT_VERSION = 1;
				GENERATE_INFOPLIST_FILE = YES;
				MACOSX_DEPLOYMENT_TARGET = 15.0;
				MARKETING_VERSION = 1.0;
				PRODUCT_BUNDLE_IDENTIFIER = com.donatkabashi.EssentialFeedAPIEndToEndTests;
				PRODUCT_NAME = "$(TARGET_NAME)";
				STRING_CATALOG_GENERATE_SYMBOLS = NO;
				SUPPORTED_PLATFORMS = "macosx iphoneos iphonesimulator";
				SWIFT_APPROACHABLE_CONCURRENCY = YES;
				SWIFT_EMIT_LOC_STRINGS = NO;
				SWIFT_UPCOMING_FEATURE_MEMBER_IMPORT_VISIBILITY = YES;
				SWIFT_VERSION = 5.0;
			};
			name = Debug;
		};
		811A6E012FD8441B00FEB69B /* Release */ = {
			isa = XCBuildConfiguration;
			buildSettings = {
				CODE_SIGN_STYLE = Automatic;
				CURRENT_PROJECT_VERSION = 1;
				GENERATE_INFOPLIST_FILE = YES;
				MACOSX_DEPLOYMENT_TARGET = 15.0;
				MARKETING_VERSION = 1.0;
				PRODUCT_BUNDLE_IDENTIFIER = com.donatkabashi.EssentialFeedAPIEndToEndTests;
				PRODUCT_NAME = "$(TARGET_NAME)";
				STRING_CATALOG_GENERATE_SYMBOLS = NO;
				SUPPORTED_PLATFORMS = "macosx iphoneos iphonesimulator";
				SWIFT_APPROACHABLE_CONCURRENCY = YES;
				SWIFT_EMIT_LOC_STRINGS = NO;
				SWIFT_UPCOMING_FEATURE_MEMBER_IMPORT_VISIBILITY = YES;
				SWIFT_VERSION = 5.0;
			};
			name = Release;
		};
		812DAED42FF51CD6001C885F /* Debug */ = {
			isa = XCBuildConfiguration;
			buildSettings = {
				BUILD_LIBRARY_FOR_DISTRIBUTION = YES;
				CODE_SIGN_STYLE = Automatic;
				CURRENT_PROJECT_VERSION = 1;
				DEVELOPMENT_TEAM = 8U3ACF2A39;
				DYLIB_COMPATIBILITY_VERSION = 1;
				DYLIB_CURRENT_VERSION = 1;
				DYLIB_INSTALL_NAME_BASE = "@rpath";
				ENABLE_MODULE_VERIFIER = YES;
				GENERATE_INFOPLIST_FILE = YES;
				INFOPLIST_KEY_NSHumanReadableCopyright = "";
				INSTALL_PATH = "$(LOCAL_LIBRARY_DIR)/Frameworks";
				IPHONEOS_DEPLOYMENT_TARGET = 26.5;
				LD_RUNPATH_SEARCH_PATHS = (
					"$(inherited)",
					"@executable_path/Frameworks",
					"@loader_path/Frameworks",
				);
				MARKETING_VERSION = 1.0;
				MODULE_VERIFIER_SUPPORTED_LANGUAGES = "objective-c objective-c++";
				MODULE_VERIFIER_SUPPORTED_LANGUAGE_STANDARDS = "gnu17 gnu++20";
				PRODUCT_BUNDLE_IDENTIFIER = com.donatkabashi.EssentialFeediOS;
				PRODUCT_NAME = "$(TARGET_NAME:c99extidentifier)";
				SDKROOT = iphoneos;
				SKIP_INSTALL = YES;
				STRING_CATALOG_GENERATE_SYMBOLS = YES;
				SWIFT_APPROACHABLE_CONCURRENCY = YES;
				SWIFT_EMIT_LOC_STRINGS = YES;
				SWIFT_INSTALL_MODULE = YES;
				SWIFT_INSTALL_OBJC_HEADER = NO;
				SWIFT_UPCOMING_FEATURE_MEMBER_IMPORT_VISIBILITY = YES;
				SWIFT_VERSION = 5.0;
				TARGETED_DEVICE_FAMILY = "1,2";
			};
			name = Debug;
		};
		812DAED52FF51CD6001C885F /* Release */ = {
			isa = XCBuildConfiguration;
			buildSettings = {
				BUILD_LIBRARY_FOR_DISTRIBUTION = YES;
				CODE_SIGN_STYLE = Automatic;
				CURRENT_PROJECT_VERSION = 1;
				DEVELOPMENT_TEAM = 8U3ACF2A39;
				DYLIB_COMPATIBILITY_VERSION = 1;
				DYLIB_CURRENT_VERSION = 1;
				DYLIB_INSTALL_NAME_BASE = "@rpath";
				ENABLE_MODULE_VERIFIER = YES;
				GENERATE_INFOPLIST_FILE = YES;
				INFOPLIST_KEY_NSHumanReadableCopyright = "";
				INSTALL_PATH = "$(LOCAL_LIBRARY_DIR)/Frameworks";
				IPHONEOS_DEPLOYMENT_TARGET = 26.5;
				LD_RUNPATH_SEARCH_PATHS = (
					"$(inherited)",
					"@executable_path/Frameworks",
					"@loader_path/Frameworks",
				);
				MARKETING_VERSION = 1.0;
				MODULE_VERIFIER_SUPPORTED_LANGUAGES = "objective-c objective-c++";
				MODULE_VERIFIER_SUPPORTED_LANGUAGE_STANDARDS = "gnu17 gnu++20";
				PRODUCT_BUNDLE_IDENTIFIER = com.donatkabashi.EssentialFeediOS;
				PRODUCT_NAME = "$(TARGET_NAME:c99extidentifier)";
				SDKROOT = iphoneos;
				SKIP_INSTALL = YES;
				STRING_CATALOG_GENERATE_SYMBOLS = YES;
				SWIFT_APPROACHABLE_CONCURRENCY = YES;
				SWIFT_EMIT_LOC_STRINGS = YES;
				SWIFT_INSTALL_MODULE = YES;
				SWIFT_INSTALL_OBJC_HEADER = NO;
				SWIFT_UPCOMING_FEATURE_MEMBER_IMPORT_VISIBILITY = YES;
				SWIFT_VERSION = 5.0;
				TARGETED_DEVICE_FAMILY = "1,2";
				VALIDATE_PRODUCT = YES;
			};
			name = Release;
		};
		812DAED72FF51CD6001C885F /* Debug */ = {
			isa = XCBuildConfiguration;
			buildSettings = {
				CLANG_ENABLE_MODULES = YES;
				CODE_SIGN_STYLE = Automatic;
				CURRENT_PROJECT_VERSION = 1;
				DEVELOPMENT_TEAM = 8U3ACF2A39;
				GENERATE_INFOPLIST_FILE = YES;
				IPHONEOS_DEPLOYMENT_TARGET = 26.5;
				MARKETING_VERSION = 1.0;
				PRODUCT_BUNDLE_IDENTIFIER = com.donatkabashi.EssentialFeediOSTests;
				PRODUCT_NAME = "$(TARGET_NAME)";
				SDKROOT = iphoneos;
				STRING_CATALOG_GENERATE_SYMBOLS = NO;
				SWIFT_APPROACHABLE_CONCURRENCY = YES;
				SWIFT_EMIT_LOC_STRINGS = NO;
				SWIFT_OPTIMIZATION_LEVEL = "-Onone";
				SWIFT_UPCOMING_FEATURE_MEMBER_IMPORT_VISIBILITY = YES;
				SWIFT_VERSION = 5.0;
				TARGETED_DEVICE_FAMILY = "1,2";
			};
			name = Debug;
		};
		812DAED82FF51CD6001C885F /* Release */ = {
			isa = XCBuildConfiguration;
			buildSettings = {
				CLANG_ENABLE_MODULES = YES;
				CODE_SIGN_STYLE = Automatic;
				CURRENT_PROJECT_VERSION = 1;
				DEVELOPMENT_TEAM = 8U3ACF2A39;
				GENERATE_INFOPLIST_FILE = YES;
				IPHONEOS_DEPLOYMENT_TARGET = 26.5;
				MARKETING_VERSION = 1.0;
				PRODUCT_BUNDLE_IDENTIFIER = com.donatkabashi.EssentialFeediOSTests;
				PRODUCT_NAME = "$(TARGET_NAME)";
				SDKROOT = iphoneos;
				STRING_CATALOG_GENERATE_SYMBOLS = NO;
				SWIFT_APPROACHABLE_CONCURRENCY = YES;
				SWIFT_EMIT_LOC_STRINGS = NO;
				SWIFT_UPCOMING_FEATURE_MEMBER_IMPORT_VISIBILITY = YES;
				SWIFT_VERSION = 5.0;
				TARGETED_DEVICE_FAMILY = "1,2";
				VALIDATE_PRODUCT = YES;
			};
			name = Release;
		};
		8171853E2FED40B300647F0F /* Debug */ = {
			isa = XCBuildConfiguration;
			buildSettings = {
				CODE_SIGN_STYLE = Automatic;
				CURRENT_PROJECT_VERSION = 1;
				DEVELOPMENT_TEAM = 8U3ACF2A39;
				GENERATE_INFOPLIST_FILE = YES;
				MACOSX_DEPLOYMENT_TARGET = 26.5;
				MARKETING_VERSION = 1.0;
				PRODUCT_BUNDLE_IDENTIFIER = com.donatkabashi.EssentialFeedCacheIntegrationTests;
				PRODUCT_NAME = "$(TARGET_NAME)";
				STRING_CATALOG_GENERATE_SYMBOLS = NO;
				SUPPORTED_PLATFORMS = "macosx iphoneos iphonesimulator";
				SWIFT_APPROACHABLE_CONCURRENCY = YES;
				SWIFT_EMIT_LOC_STRINGS = NO;
				SWIFT_UPCOMING_FEATURE_MEMBER_IMPORT_VISIBILITY = YES;
				SWIFT_VERSION = 5.0;
			};
			name = Debug;
		};
		8171853F2FED40B300647F0F /* Release */ = {
			isa = XCBuildConfiguration;
			buildSettings = {
				CODE_SIGN_STYLE = Automatic;
				CURRENT_PROJECT_VERSION = 1;
				DEVELOPMENT_TEAM = 8U3ACF2A39;
				GENERATE_INFOPLIST_FILE = YES;
				MACOSX_DEPLOYMENT_TARGET = 26.5;
				MARKETING_VERSION = 1.0;
				PRODUCT_BUNDLE_IDENTIFIER = com.donatkabashi.EssentialFeedCacheIntegrationTests;
				PRODUCT_NAME = "$(TARGET_NAME)";
				STRING_CATALOG_GENERATE_SYMBOLS = NO;
				SUPPORTED_PLATFORMS = "macosx iphoneos iphonesimulator";
				SWIFT_APPROACHABLE_CONCURRENCY = YES;
				SWIFT_EMIT_LOC_STRINGS = NO;
				SWIFT_UPCOMING_FEATURE_MEMBER_IMPORT_VISIBILITY = YES;
				SWIFT_VERSION = 5.0;
			};
			name = Release;
		};
		81B9E7452F3B7742000F5E57 /* Debug */ = {
			isa = XCBuildConfiguration;
			buildSettings = {
				ALWAYS_SEARCH_USER_PATHS = NO;
				ASSETCATALOG_COMPILER_GENERATE_SWIFT_ASSET_SYMBOL_EXTENSIONS = YES;
				CLANG_ANALYZER_NONNULL = YES;
				CLANG_ANALYZER_NUMBER_OBJECT_CONVERSION = YES_AGGRESSIVE;
				CLANG_CXX_LANGUAGE_STANDARD = "gnu++20";
				CLANG_ENABLE_MODULES = YES;
				CLANG_ENABLE_OBJC_ARC = YES;
				CLANG_ENABLE_OBJC_WEAK = YES;
				CLANG_WARN_BLOCK_CAPTURE_AUTORELEASING = YES;
				CLANG_WARN_BOOL_CONVERSION = YES;
				CLANG_WARN_COMMA = YES;
				CLANG_WARN_CONSTANT_CONVERSION = YES;
				CLANG_WARN_DEPRECATED_OBJC_IMPLEMENTATIONS = YES;
				CLANG_WARN_DIRECT_OBJC_ISA_USAGE = YES_ERROR;
				CLANG_WARN_DOCUMENTATION_COMMENTS = YES;
				CLANG_WARN_EMPTY_BODY = YES;
				CLANG_WARN_ENUM_CONVERSION = YES;
				CLANG_WARN_INFINITE_RECURSION = YES;
				CLANG_WARN_INT_CONVERSION = YES;
				CLANG_WARN_NON_LITERAL_NULL_CONVERSION = YES;
				CLANG_WARN_OBJC_IMPLICIT_RETAIN_SELF = YES;
				CLANG_WARN_OBJC_LITERAL_CONVERSION = YES;
				CLANG_WARN_OBJC_ROOT_CLASS = YES_ERROR;
				CLANG_WARN_QUOTED_INCLUDE_IN_FRAMEWORK_HEADER = YES;
				CLANG_WARN_RANGE_LOOP_ANALYSIS = YES;
				CLANG_WARN_STRICT_PROTOTYPES = YES;
				CLANG_WARN_SUSPICIOUS_MOVE = YES;
				CLANG_WARN_UNGUARDED_AVAILABILITY = YES_AGGRESSIVE;
				CLANG_WARN_UNREACHABLE_CODE = YES;
				CLANG_WARN__DUPLICATE_METHOD_MATCH = YES;
				COPY_PHASE_STRIP = NO;
				CURRENT_PROJECT_VERSION = 1;
				DEBUG_INFORMATION_FORMAT = dwarf;
				DEVELOPMENT_TEAM = 8U3ACF2A39;
				ENABLE_STRICT_OBJC_MSGSEND = YES;
				ENABLE_TESTABILITY = YES;
				ENABLE_USER_SCRIPT_SANDBOXING = YES;
				GCC_C_LANGUAGE_STANDARD = gnu17;
				GCC_DYNAMIC_NO_PIC = NO;
				GCC_NO_COMMON_BLOCKS = YES;
				GCC_OPTIMIZATION_LEVEL = 0;
				GCC_PREPROCESSOR_DEFINITIONS = (
					"DEBUG=1",
					"$(inherited)",
				);
				GCC_WARN_64_TO_32_BIT_CONVERSION = YES;
				GCC_WARN_ABOUT_RETURN_TYPE = YES_ERROR;
				GCC_WARN_UNDECLARED_SELECTOR = YES;
				GCC_WARN_UNINITIALIZED_AUTOS = YES_AGGRESSIVE;
				GCC_WARN_UNUSED_FUNCTION = YES;
				GCC_WARN_UNUSED_VARIABLE = YES;
				LOCALIZATION_PREFERS_STRING_CATALOGS = YES;
				MACOSX_DEPLOYMENT_TARGET = 15.6;
				MTL_ENABLE_DEBUG_INFO = INCLUDE_SOURCE;
				MTL_FAST_MATH = YES;
				ONLY_ACTIVE_ARCH = YES;
				SDKROOT = macosx;
				SWIFT_ACTIVE_COMPILATION_CONDITIONS = "DEBUG $(inherited)";
				SWIFT_OPTIMIZATION_LEVEL = "-Onone";
				VERSIONING_SYSTEM = "apple-generic";
				VERSION_INFO_PREFIX = "";
			};
			name = Debug;
		};
		81B9E7462F3B7742000F5E57 /* Release */ = {
			isa = XCBuildConfiguration;
			buildSettings = {
				ALWAYS_SEARCH_USER_PATHS = NO;
				ASSETCATALOG_COMPILER_GENERATE_SWIFT_ASSET_SYMBOL_EXTENSIONS = YES;
				CLANG_ANALYZER_NONNULL = YES;
				CLANG_ANALYZER_NUMBER_OBJECT_CONVERSION = YES_AGGRESSIVE;
				CLANG_CXX_LANGUAGE_STANDARD = "gnu++20";
				CLANG_ENABLE_MODULES = YES;
				CLANG_ENABLE_OBJC_ARC = YES;
				CLANG_ENABLE_OBJC_WEAK = YES;
				CLANG_WARN_BLOCK_CAPTURE_AUTORELEASING = YES;
				CLANG_WARN_BOOL_CONVERSION = YES;
				CLANG_WARN_COMMA = YES;
				CLANG_WARN_CONSTANT_CONVERSION = YES;
				CLANG_WARN_DEPRECATED_OBJC_IMPLEMENTATIONS = YES;
				CLANG_WARN_DIRECT_OBJC_ISA_USAGE = YES_ERROR;
				CLANG_WARN_DOCUMENTATION_COMMENTS = YES;
				CLANG_WARN_EMPTY_BODY = YES;
				CLANG_WARN_ENUM_CONVERSION = YES;
				CLANG_WARN_INFINITE_RECURSION = YES;
				CLANG_WARN_INT_CONVERSION = YES;
				CLANG_WARN_NON_LITERAL_NULL_CONVERSION = YES;
				CLANG_WARN_OBJC_IMPLICIT_RETAIN_SELF = YES;
				CLANG_WARN_OBJC_LITERAL_CONVERSION = YES;
				CLANG_WARN_OBJC_ROOT_CLASS = YES_ERROR;
				CLANG_WARN_QUOTED_INCLUDE_IN_FRAMEWORK_HEADER = YES;
				CLANG_WARN_RANGE_LOOP_ANALYSIS = YES;
				CLANG_WARN_STRICT_PROTOTYPES = YES;
				CLANG_WARN_SUSPICIOUS_MOVE = YES;
				CLANG_WARN_UNGUARDED_AVAILABILITY = YES_AGGRESSIVE;
				CLANG_WARN_UNREACHABLE_CODE = YES;
				CLANG_WARN__DUPLICATE_METHOD_MATCH = YES;
				COPY_PHASE_STRIP = NO;
				CURRENT_PROJECT_VERSION = 1;
				DEBUG_INFORMATION_FORMAT = "dwarf-with-dsym";
				DEVELOPMENT_TEAM = 8U3ACF2A39;
				ENABLE_NS_ASSERTIONS = NO;
				ENABLE_STRICT_OBJC_MSGSEND = YES;
				ENABLE_USER_SCRIPT_SANDBOXING = YES;
				GCC_C_LANGUAGE_STANDARD = gnu17;
				GCC_NO_COMMON_BLOCKS = YES;
				GCC_WARN_64_TO_32_BIT_CONVERSION = YES;
				GCC_WARN_ABOUT_RETURN_TYPE = YES_ERROR;
				GCC_WARN_UNDECLARED_SELECTOR = YES;
				GCC_WARN_UNINITIALIZED_AUTOS = YES_AGGRESSIVE;
				GCC_WARN_UNUSED_FUNCTION = YES;
				GCC_WARN_UNUSED_VARIABLE = YES;
				LOCALIZATION_PREFERS_STRING_CATALOGS = YES;
				MACOSX_DEPLOYMENT_TARGET = 15.6;
				MTL_ENABLE_DEBUG_INFO = NO;
				MTL_FAST_MATH = YES;
				SDKROOT = macosx;
				SWIFT_COMPILATION_MODE = wholemodule;
				VERSIONING_SYSTEM = "apple-generic";
				VERSION_INFO_PREFIX = "";
			};
			name = Release;
		};
		81B9E7482F3B7742000F5E57 /* Debug */ = {
			isa = XCBuildConfiguration;
			buildSettings = {
				ALLOW_TARGET_PLATFORM_SPECIALIZATION = YES;
				BUILD_LIBRARY_FOR_DISTRIBUTION = YES;
				CODE_SIGN_STYLE = Automatic;
				COMBINE_HIDPI_IMAGES = YES;
				CURRENT_PROJECT_VERSION = 1;
				DEVELOPMENT_TEAM = 8U3ACF2A39;
				DYLIB_COMPATIBILITY_VERSION = 1;
				DYLIB_CURRENT_VERSION = 1;
				DYLIB_INSTALL_NAME_BASE = "@rpath";
				ENABLE_MODULE_VERIFIER = YES;
				GENERATE_INFOPLIST_FILE = YES;
				INFOPLIST_KEY_NSHumanReadableCopyright = "";
				INSTALL_PATH = "$(LOCAL_LIBRARY_DIR)/Frameworks";
				LD_RUNPATH_SEARCH_PATHS = (
					"$(inherited)",
					"@executable_path/../Frameworks",
					"@loader_path/Frameworks",
				);
				MACOSX_DEPLOYMENT_TARGET = 15.0;
				MARKETING_VERSION = 1.0;
				MODULE_VERIFIER_SUPPORTED_LANGUAGES = "objective-c objective-c++";
				MODULE_VERIFIER_SUPPORTED_LANGUAGE_STANDARDS = "gnu17 gnu++20";
				PRODUCT_BUNDLE_IDENTIFIER = com.donatkabashi.EssentialFeed;
				PRODUCT_NAME = "$(TARGET_NAME:c99extidentifier)";
				SKIP_INSTALL = YES;
				STRING_CATALOG_GENERATE_SYMBOLS = YES;
				SUPPORTED_PLATFORMS = "macosx iphoneos iphonesimulator";
				SUPPORTS_MACCATALYST = YES;
				SWIFT_APPROACHABLE_CONCURRENCY = YES;
				SWIFT_EMIT_LOC_STRINGS = YES;
				SWIFT_INSTALL_MODULE = YES;
				SWIFT_INSTALL_OBJC_HEADER = NO;
				SWIFT_UPCOMING_FEATURE_MEMBER_IMPORT_VISIBILITY = YES;
				SWIFT_VERSION = 5.0;
			};
			name = Debug;
		};
		81B9E7492F3B7742000F5E57 /* Release */ = {
			isa = XCBuildConfiguration;
			buildSettings = {
				ALLOW_TARGET_PLATFORM_SPECIALIZATION = YES;
				BUILD_LIBRARY_FOR_DISTRIBUTION = YES;
				CODE_SIGN_STYLE = Automatic;
				COMBINE_HIDPI_IMAGES = YES;
				CURRENT_PROJECT_VERSION = 1;
				DEVELOPMENT_TEAM = 8U3ACF2A39;
				DYLIB_COMPATIBILITY_VERSION = 1;
				DYLIB_CURRENT_VERSION = 1;
				DYLIB_INSTALL_NAME_BASE = "@rpath";
				ENABLE_MODULE_VERIFIER = YES;
				GENERATE_INFOPLIST_FILE = YES;
				INFOPLIST_KEY_NSHumanReadableCopyright = "";
				INSTALL_PATH = "$(LOCAL_LIBRARY_DIR)/Frameworks";
				LD_RUNPATH_SEARCH_PATHS = (
					"$(inherited)",
					"@executable_path/../Frameworks",
					"@loader_path/Frameworks",
				);
				MACOSX_DEPLOYMENT_TARGET = 15.0;
				MARKETING_VERSION = 1.0;
				MODULE_VERIFIER_SUPPORTED_LANGUAGES = "objective-c objective-c++";
				MODULE_VERIFIER_SUPPORTED_LANGUAGE_STANDARDS = "gnu17 gnu++20";
				PRODUCT_BUNDLE_IDENTIFIER = com.donatkabashi.EssentialFeed;
				PRODUCT_NAME = "$(TARGET_NAME:c99extidentifier)";
				SKIP_INSTALL = YES;
				STRING_CATALOG_GENERATE_SYMBOLS = YES;
				SUPPORTED_PLATFORMS = "macosx iphoneos iphonesimulator";
				SUPPORTS_MACCATALYST = YES;
				SWIFT_APPROACHABLE_CONCURRENCY = YES;
				SWIFT_EMIT_LOC_STRINGS = YES;
				SWIFT_INSTALL_MODULE = YES;
				SWIFT_INSTALL_OBJC_HEADER = NO;
				SWIFT_UPCOMING_FEATURE_MEMBER_IMPORT_VISIBILITY = YES;
				SWIFT_VERSION = 5.0;
			};
			name = Release;
		};
		81B9E74B2F3B7742000F5E57 /* Debug */ = {
			isa = XCBuildConfiguration;
			buildSettings = {
				CODE_SIGN_STYLE = Automatic;
				CURRENT_PROJECT_VERSION = 1;
				DEVELOPMENT_TEAM = 8U3ACF2A39;
				GENERATE_INFOPLIST_FILE = YES;
				MACOSX_DEPLOYMENT_TARGET = 15.0;
				MARKETING_VERSION = 1.0;
				PRODUCT_BUNDLE_IDENTIFIER = com.donatkabashi.EssentialFeedTests;
				PRODUCT_NAME = "$(TARGET_NAME)";
				STRING_CATALOG_GENERATE_SYMBOLS = NO;
				SUPPORTED_PLATFORMS = "macosx iphoneos iphonesimulator";
				SWIFT_APPROACHABLE_CONCURRENCY = YES;
				SWIFT_EMIT_LOC_STRINGS = NO;
				SWIFT_UPCOMING_FEATURE_MEMBER_IMPORT_VISIBILITY = YES;
				SWIFT_VERSION = 5.0;
			};
			name = Debug;
		};
		81B9E74C2F3B7742000F5E57 /* Release */ = {
			isa = XCBuildConfiguration;
			buildSettings = {
				CODE_SIGN_STYLE = Automatic;
				CURRENT_PROJECT_VERSION = 1;
				DEVELOPMENT_TEAM = 8U3ACF2A39;
				GENERATE_INFOPLIST_FILE = YES;
				MACOSX_DEPLOYMENT_TARGET = 15.0;
				MARKETING_VERSION = 1.0;
				PRODUCT_BUNDLE_IDENTIFIER = com.donatkabashi.EssentialFeedTests;
				PRODUCT_NAME = "$(TARGET_NAME)";
				STRING_CATALOG_GENERATE_SYMBOLS = NO;
				SUPPORTED_PLATFORMS = "macosx iphoneos iphonesimulator";
				SWIFT_APPROACHABLE_CONCURRENCY = YES;
				SWIFT_EMIT_LOC_STRINGS = NO;
				SWIFT_UPCOMING_FEATURE_MEMBER_IMPORT_VISIBILITY = YES;
				SWIFT_VERSION = 5.0;
			};
			name = Release;
		};
/* End XCBuildConfiguration section */

/* Begin XCConfigurationList section */
		81099823300F652E001E3C16 /* Build configuration list for PBXNativeTarget "EssentialFeediOSApp" */ = {
			isa = XCConfigurationList;
			buildConfigurations = (
				81099824300F652E001E3C16 /* Debug */,
				81099825300F652E001E3C16 /* Release */,
			);
			defaultConfigurationIsVisible = 0;
			defaultConfigurationName = Release;
		};
		811A6DFF2FD8441B00FEB69B /* Build configuration list for PBXNativeTarget "EssentialFeedAPIEndToEndTests" */ = {
			isa = XCConfigurationList;
			buildConfigurations = (
				811A6E002FD8441B00FEB69B /* Debug */,
				811A6E012FD8441B00FEB69B /* Release */,
			);
			defaultConfigurationIsVisible = 0;
			defaultConfigurationName = Release;
		};
		812DAED32FF51CD6001C885F /* Build configuration list for PBXNativeTarget "EssentialFeediOS" */ = {
			isa = XCConfigurationList;
			buildConfigurations = (
				812DAED42FF51CD6001C885F /* Debug */,
				812DAED52FF51CD6001C885F /* Release */,
			);
			defaultConfigurationIsVisible = 0;
			defaultConfigurationName = Release;
		};
		812DAED62FF51CD6001C885F /* Build configuration list for PBXNativeTarget "EssentialFeediOSTests" */ = {
			isa = XCConfigurationList;
			buildConfigurations = (
				812DAED72FF51CD6001C885F /* Debug */,
				812DAED82FF51CD6001C885F /* Release */,
			);
			defaultConfigurationIsVisible = 0;
			defaultConfigurationName = Release;
		};
		8171853D2FED40B300647F0F /* Build configuration list for PBXNativeTarget "EssentialFeedCacheIntegrationTests" */ = {
			isa = XCConfigurationList;
			buildConfigurations = (
				8171853E2FED40B300647F0F /* Debug */,
				8171853F2FED40B300647F0F /* Release */,
			);
			defaultConfigurationIsVisible = 0;
			defaultConfigurationName = Release;
		};
		81B9E72D2F3B7741000F5E57 /* Build configuration list for PBXProject "EssentialFeed" */ = {
			isa = XCConfigurationList;
			buildConfigurations = (
				81B9E7452F3B7742000F5E57 /* Debug */,
				81B9E7462F3B7742000F5E57 /* Release */,
			);
			defaultConfigurationIsVisible = 0;
			defaultConfigurationName = Release;
		};
		81B9E7472F3B7742000F5E57 /* Build configuration list for PBXNativeTarget "EssentialFeed" */ = {
			isa = XCConfigurationList;
			buildConfigurations = (
				81B9E7482F3B7742000F5E57 /* Debug */,
				81B9E7492F3B7742000F5E57 /* Release */,
			);
			defaultConfigurationIsVisible = 0;
			defaultConfigurationName = Release;
		};
		81B9E74A2F3B7742000F5E57 /* Build configuration list for PBXNativeTarget "EssentialFeedTests" */ = {
			isa = XCConfigurationList;
			buildConfigurations = (
				81B9E74B2F3B7742000F5E57 /* Debug */,
				81B9E74C2F3B7742000F5E57 /* Release */,
			);
			defaultConfigurationIsVisible = 0;
			defaultConfigurationName = Release;
		};
/* End XCConfigurationList section */
	};
	rootObject = 81B9E72A2F3B7741000F5E57 /* Project object */;
}
